// !$*UTF8*$!
{
	archiveVersion = 1;
	classes = {
	};
	objectVersion = 50;
	objects = {

/* Begin PBXBuildFile section */
		EE06780A265B3AC300A9E446 /* AppDelegate.swift in Sources */ = {isa = PBXBuildFile; fileRef = EE067809265B3AC300A9E446 /* AppDelegate.swift */; };
		EE06780C265B3AC300A9E446 /* SceneDelegate.swift in Sources */ = {isa = PBXBuildFile; fileRef = EE06780B265B3AC300A9E446 /* SceneDelegate.swift */; };
		EE06780E265B3AC300A9E446 /* ViewController.swift in Sources */ = {isa = PBXBuildFile; fileRef = EE06780D265B3AC300A9E446 /* ViewController.swift */; };
		EE067811265B3AC300A9E446 /* Main.storyboard in Resources */ = {isa = PBXBuildFile; fileRef = EE06780F265B3AC300A9E446 /* Main.storyboard */; };
		EE067813265B3AC500A9E446 /* Assets.xcassets in Resources */ = {isa = PBXBuildFile; fileRef = EE067812265B3AC500A9E446 /* Assets.xcassets */; };
		EE067816265B3AC500A9E446 /* LaunchScreen.storyboard in Resources */ = {isa = PBXBuildFile; fileRef = EE067814265B3AC500A9E446 /* LaunchScreen.storyboard */; };
		EE067821265B3AC500A9E446 /* ShieldsTests.swift in Sources */ = {isa = PBXBuildFile; fileRef = EE067820265B3AC500A9E446 /* ShieldsTests.swift */; };
		EE06782C265B3AC500A9E446 /* ShieldsUITests.swift in Sources */ = {isa = PBXBuildFile; fileRef = EE06782B265B3AC500A9E446 /* ShieldsUITests.swift */; };
		EE06783D265B3AE200A9E446 /* shields.json in Resources */ = {isa = PBXBuildFile; fileRef = EE06783C265B3AE200A9E446 /* shields.json */; };
		EE067843265B3B0500A9E446 /* errorLogo.png in Resources */ = {isa = PBXBuildFile; fileRef = EE067842265B3B0500A9E446 /* errorLogo.png */; };
		EE067848265B3B2500A9E446 /* ShieldsModel.swift in Sources */ = {isa = PBXBuildFile; fileRef = EE067847265B3B2500A9E446 /* ShieldsModel.swift */; };
		EE53455E265B432100D84EC7 /* ShieldsLabel.swift in Sources */ = {isa = PBXBuildFile; fileRef = EE53455D265B432100D84EC7 /* ShieldsLabel.swift */; };
		EE534563265B47AC00D84EC7 /* ShieldsMessage.swift in Sources */ = {isa = PBXBuildFile; fileRef = EE534562265B47AC00D84EC7 /* ShieldsMessage.swift */; };
		EE534568265B4E0F00D84EC7 /* Shields.swift in Sources */ = {isa = PBXBuildFile; fileRef = EE534567265B4E0F00D84EC7 /* Shields.swift */; };
/* End PBXBuildFile section */

/* Begin PBXContainerItemProxy section */
		EE06781D265B3AC500A9E446 /* PBXContainerItemProxy */ = {
			isa = PBXContainerItemProxy;
			containerPortal = EE0677FE265B3AC300A9E446 /* Project object */;
			proxyType = 1;
			remoteGlobalIDString = EE067805265B3AC300A9E446;
			remoteInfo = Shields;
		};
		EE067828265B3AC500A9E446 /* PBXContainerItemProxy */ = {
			isa = PBXContainerItemProxy;
			containerPortal = EE0677FE265B3AC300A9E446 /* Project object */;
			proxyType = 1;
			remoteGlobalIDString = EE067805265B3AC300A9E446;
			remoteInfo = Shields;
		};
/* End PBXContainerItemProxy section */

/* Begin PBXFileReference section */
		EE067806265B3AC300A9E446 /* Shields.app */ = {isa = PBXFileReference; explicitFileType = wrapper.application; includeInIndex = 0; path = Shields.app; sourceTree = BUILT_PRODUCTS_DIR; };
		EE067809265B3AC300A9E446 /* AppDelegate.swift */ = {isa = PBXFileReference; lastKnownFileType = sourcecode.swift; path = AppDelegate.swift; sourceTree = "<group>"; };
		EE06780B265B3AC300A9E446 /* SceneDelegate.swift */ = {isa = PBXFileReference; lastKnownFileType = sourcecode.swift; path = SceneDelegate.swift; sourceTree = "<group>"; };
		EE06780D265B3AC300A9E446 /* ViewController.swift */ = {isa = PBXFileReference; lastKnownFileType = sourcecode.swift; path = ViewController.swift; sourceTree = "<group>"; };
		EE067810265B3AC300A9E446 /* Base */ = {isa = PBXFileReference; lastKnownFileType = file.storyboard; name = Base; path = Base.lproj/Main.storyboard; sourceTree = "<group>"; };
		EE067812265B3AC500A9E446 /* Assets.xcassets */ = {isa = PBXFileReference; lastKnownFileType = folder.assetcatalog; path = Assets.xcassets; sourceTree = "<group>"; };
		EE067815265B3AC500A9E446 /* Base */ = {isa = PBXFileReference; lastKnownFileType = file.storyboard; name = Base; path = Base.lproj/LaunchScreen.storyboard; sourceTree = "<group>"; };
		EE067817265B3AC500A9E446 /* Info.plist */ = {isa = PBXFileReference; lastKnownFileType = text.plist.xml; path = Info.plist; sourceTree = "<group>"; };
		EE06781C265B3AC500A9E446 /* ShieldsTests.xctest */ = {isa = PBXFileReference; explicitFileType = wrapper.cfbundle; includeInIndex = 0; path = ShieldsTests.xctest; sourceTree = BUILT_PRODUCTS_DIR; };
		EE067820265B3AC500A9E446 /* ShieldsTests.swift */ = {isa = PBXFileReference; lastKnownFileType = sourcecode.swift; path = ShieldsTests.swift; sourceTree = "<group>"; };
		EE067822265B3AC500A9E446 /* Info.plist */ = {isa = PBXFileReference; lastKnownFileType = text.plist.xml; path = Info.plist; sourceTree = "<group>"; };
		EE067827265B3AC500A9E446 /* ShieldsUITests.xctest */ = {isa = PBXFileReference; explicitFileType = wrapper.cfbundle; includeInIndex = 0; path = ShieldsUITests.xctest; sourceTree = BUILT_PRODUCTS_DIR; };
		EE06782B265B3AC500A9E446 /* ShieldsUITests.swift */ = {isa = PBXFileReference; lastKnownFileType = sourcecode.swift; path = ShieldsUITests.swift; sourceTree = "<group>"; };
		EE06782D265B3AC500A9E446 /* Info.plist */ = {isa = PBXFileReference; lastKnownFileType = text.plist.xml; path = Info.plist; sourceTree = "<group>"; };
		EE06783C265B3AE200A9E446 /* shields.json */ = {isa = PBXFileReference; fileEncoding = 4; lastKnownFileType = text.json; name = shields.json; path = "../../../Objective-C/Shields/shields.json"; sourceTree = "<group>"; };
		EE067842265B3B0500A9E446 /* errorLogo.png */ = {isa = PBXFileReference; lastKnownFileType = image.png; name = errorLogo.png; path = "../../../../Objective-C/Shields/Shields/errorLogo.png"; sourceTree = "<group>"; };
		EE067847265B3B2500A9E446 /* ShieldsModel.swift */ = {isa = PBXFileReference; lastKnownFileType = sourcecode.swift; path = ShieldsModel.swift; sourceTree = "<group>"; };
		EE53455D265B432100D84EC7 /* ShieldsLabel.swift */ = {isa = PBXFileReference; lastKnownFileType = sourcecode.swift; path = ShieldsLabel.swift; sourceTree = "<group>"; };
		EE534562265B47AC00D84EC7 /* ShieldsMessage.swift */ = {isa = PBXFileReference; lastKnownFileType = sourcecode.swift; path = ShieldsMessage.swift; sourceTree = "<group>"; };
		EE534567265B4E0F00D84EC7 /* Shields.swift */ = {isa = PBXFileReference; lastKnownFileType = sourcecode.swift; path = Shields.swift; sourceTree = "<group>"; };
/* End PBXFileReference section */

/* Begin PBXFrameworksBuildPhase section */
		EE067803265B3AC300A9E446 /* Frameworks */ = {
			isa = PBXFrameworksBuildPhase;
			buildActionMask = 2147483647;
			files = (
			);
			runOnlyForDeploymentPostprocessing = 0;
		};
		EE067819265B3AC500A9E446 /* Frameworks */ = {
			isa = PBXFrameworksBuildPhase;
			buildActionMask = 2147483647;
			files = (
			);
			runOnlyForDeploymentPostprocessing = 0;
		};
		EE067824265B3AC500A9E446 /* Frameworks */ = {
			isa = PBXFrameworksBuildPhase;
			buildActionMask = 2147483647;
			files = (
			);
			runOnlyForDeploymentPostprocessing = 0;
		};
/* End PBXFrameworksBuildPhase section */

/* Begin PBXGroup section */
		EE0677FD265B3AC300A9E446 = {
			isa = PBXGroup;
			children = (
				EE067808265B3AC300A9E446 /* Shields */,
				EE06781F265B3AC500A9E446 /* ShieldsTests */,
				EE06782A265B3AC500A9E446 /* ShieldsUITests */,
				EE067807265B3AC300A9E446 /* Products */,
			);
			sourceTree = "<group>";
		};
		EE067807265B3AC300A9E446 /* Products */ = {
			isa = PBXGroup;
			children = (
				EE067806265B3AC300A9E446 /* Shields.app */,
				EE06781C265B3AC500A9E446 /* ShieldsTests.xctest */,
				EE067827265B3AC500A9E446 /* ShieldsUITests.xctest */,
			);
			name = Products;
			sourceTree = "<group>";
		};
		EE067808265B3AC300A9E446 /* Shields */ = {
			isa = PBXGroup;
			children = (
				EE06783C265B3AE200A9E446 /* shields.json */,
				EE067841265B3AF100A9E446 /* Shields */,
				EE067809265B3AC300A9E446 /* AppDelegate.swift */,
				EE06780B265B3AC300A9E446 /* SceneDelegate.swift */,
				EE06780D265B3AC300A9E446 /* ViewController.swift */,
				EE06780F265B3AC300A9E446 /* Main.storyboard */,
				EE067812265B3AC500A9E446 /* Assets.xcassets */,
				EE067814265B3AC500A9E446 /* LaunchScreen.storyboard */,
				EE067817265B3AC500A9E446 /* Info.plist */,
			);
			path = Shields;
			sourceTree = "<group>";
		};
		EE06781F265B3AC500A9E446 /* ShieldsTests */ = {
			isa = PBXGroup;
			children = (
				EE067820265B3AC500A9E446 /* ShieldsTests.swift */,
				EE067822265B3AC500A9E446 /* Info.plist */,
			);
			path = ShieldsTests;
			sourceTree = "<group>";
		};
		EE06782A265B3AC500A9E446 /* ShieldsUITests */ = {
			isa = PBXGroup;
			children = (
				EE06782B265B3AC500A9E446 /* ShieldsUITests.swift */,
				EE06782D265B3AC500A9E446 /* Info.plist */,
			);
			path = ShieldsUITests;
			sourceTree = "<group>";
		};
		EE067841265B3AF100A9E446 /* Shields */ = {
			isa = PBXGroup;
			children = (
				EE067842265B3B0500A9E446 /* errorLogo.png */,
				EE067847265B3B2500A9E446 /* ShieldsModel.swift */,
				EE53455D265B432100D84EC7 /* ShieldsLabel.swift */,
				EE534562265B47AC00D84EC7 /* ShieldsMessage.swift */,
				EE534567265B4E0F00D84EC7 /* Shields.swift */,
			);
			path = Shields;
			sourceTree = "<group>";
		};
/* End PBXGroup section */

/* Begin PBXNativeTarget section */
		EE067805265B3AC300A9E446 /* Shields */ = {
			isa = PBXNativeTarget;
			buildConfigurationList = EE067830265B3AC500A9E446 /* Build configuration list for PBXNativeTarget "Shields" */;
			buildPhases = (
				EE067802265B3AC300A9E446 /* Sources */,
				EE067803265B3AC300A9E446 /* Frameworks */,
				EE067804265B3AC300A9E446 /* Resources */,
			);
			buildRules = (
			);
			dependencies = (
			);
			name = Shields;
			productName = Shields;
			productReference = EE067806265B3AC300A9E446 /* Shields.app */;
			productType = "com.apple.product-type.application";
		};
		EE06781B265B3AC500A9E446 /* ShieldsTests */ = {
			isa = PBXNativeTarget;
			buildConfigurationList = EE067833265B3AC500A9E446 /* Build configuration list for PBXNativeTarget "ShieldsTests" */;
			buildPhases = (
				EE067818265B3AC500A9E446 /* Sources */,
				EE067819265B3AC500A9E446 /* Frameworks */,
				EE06781A265B3AC500A9E446 /* Resources */,
			);
			buildRules = (
			);
			dependencies = (
				EE06781E265B3AC500A9E446 /* PBXTargetDependency */,
			);
			name = ShieldsTests;
			productName = ShieldsTests;
			productReference = EE06781C265B3AC500A9E446 /* ShieldsTests.xctest */;
			productType = "com.apple.product-type.bundle.unit-test";
		};
		EE067826265B3AC500A9E446 /* ShieldsUITests */ = {
			isa = PBXNativeTarget;
			buildConfigurationList = EE067836265B3AC500A9E446 /* Build configuration list for PBXNativeTarget "ShieldsUITests" */;
			buildPhases = (
				EE067823265B3AC500A9E446 /* Sources */,
				EE067824265B3AC500A9E446 /* Frameworks */,
				EE067825265B3AC500A9E446 /* Resources */,
			);
			buildRules = (
			);
			dependencies = (
				EE067829265B3AC500A9E446 /* PBXTargetDependency */,
			);
			name = ShieldsUITests;
			productName = ShieldsUITests;
			productReference = EE067827265B3AC500A9E446 /* ShieldsUITests.xctest */;
			productType = "com.apple.product-type.bundle.ui-testing";
		};
/* End PBXNativeTarget section */

/* Begin PBXProject section */
		EE0677FE265B3AC300A9E446 /* Project object */ = {
			isa = PBXProject;
			attributes = {
				CLASSPREFIX = Shields;
				LastSwiftUpdateCheck = 1240;
				LastUpgradeCheck = 1240;
				TargetAttributes = {
					EE067805265B3AC300A9E446 = {
						CreatedOnToolsVersion = 12.4;
					};
					EE06781B265B3AC500A9E446 = {
						CreatedOnToolsVersion = 12.4;
						TestTargetID = EE067805265B3AC300A9E446;
					};
					EE067826265B3AC500A9E446 = {
						CreatedOnToolsVersion = 12.4;
						TestTargetID = EE067805265B3AC300A9E446;
					};
				};
			};
			buildConfigurationList = EE067801265B3AC300A9E446 /* Build configuration list for PBXProject "Shields" */;
			compatibilityVersion = "Xcode 9.3";
			developmentRegion = en;
			hasScannedForEncodings = 0;
			knownRegions = (
				en,
				Base,
			);
			mainGroup = EE0677FD265B3AC300A9E446;
			productRefGroup = EE067807265B3AC300A9E446 /* Products */;
			projectDirPath = "";
			projectRoot = "";
			targets = (
				EE067805265B3AC300A9E446 /* Shields */,
				EE06781B265B3AC500A9E446 /* ShieldsTests */,
				EE067826265B3AC500A9E446 /* ShieldsUITests */,
			);
		};
/* End PBXProject section */

/* Begin PBXResourcesBuildPhase section */
		EE067804265B3AC300A9E446 /* Resources */ = {
			isa = PBXResourcesBuildPhase;
			buildActionMask = 2147483647;
			files = (
				EE06783D265B3AE200A9E446 /* shields.json in Resources */,
				EE067843265B3B0500A9E446 /* errorLogo.png in Resources */,
				EE067816265B3AC500A9E446 /* LaunchScreen.storyboard in Resources */,
				EE067813265B3AC500A9E446 /* Assets.xcassets in Resources */,
				EE067811265B3AC300A9E446 /* Main.storyboard in Resources */,
			);
			runOnlyForDeploymentPostprocessing = 0;
		};
		EE06781A265B3AC500A9E446 /* Resources */ = {
			isa = PBXResourcesBuildPhase;
			buildActionMask = 2147483647;
			files = (
			);
			runOnlyForDeploymentPostprocessing = 0;
		};
		EE067825265B3AC500A9E446 /* Resources */ = {
			isa = PBXResourcesBuildPhase;
			buildActionMask = 2147483647;
			files = (
			);
			runOnlyForDeploymentPostprocessing = 0;
		};
/* End PBXResourcesBuildPhase section */

/* Begin PBXSourcesBuildPhase section */
		EE067802265B3AC300A9E446 /* Sources */ = {
			isa = PBXSourcesBuildPhase;
			buildActionMask = 2147483647;
			files = (
				EE06780E265B3AC300A9E446 /* ViewController.swift in Sources */,
				EE06780A265B3AC300A9E446 /* AppDelegate.swift in Sources */,
				EE067848265B3B2500A9E446 /* ShieldsModel.swift in Sources */,
				EE53455E265B432100D84EC7 /* ShieldsLabel.swift in Sources */,
				EE534568265B4E0F00D84EC7 /* Shields.swift in Sources */,
				EE534563265B47AC00D84EC7 /* ShieldsMessage.swift in Sources */,
				EE06780C265B3AC300A9E446 /* SceneDelegate.swift in Sources */,
			);
			runOnlyForDeploymentPostprocessing = 0;
		};
		EE067818265B3AC500A9E446 /* Sources */ = {
			isa = PBXSourcesBuildPhase;
			buildActionMask = 2147483647;
			files = (
				EE067821265B3AC500A9E446 /* ShieldsTests.swift in Sources */,
			);
			runOnlyForDeploymentPostprocessing = 0;
		};
		EE067823265B3AC500A9E446 /* Sources */ = {
			isa = PBXSourcesBuildPhase;
			buildActionMask = 2147483647;
			files = (
				EE06782C265B3AC500A9E446 /* ShieldsUITests.swift in Sources */,
			);
			runOnlyForDeploymentPostprocessing = 0;
		};
/* End PBXSourcesBuildPhase section */

/* Begin PBXTargetDependency section */
		EE06781E265B3AC500A9E446 /* PBXTargetDependency */ = {
			isa = PBXTargetDependency;
			target = EE067805265B3AC300A9E446 /* Shields */;
			targetProxy = EE06781D265B3AC500A9E446 /* PBXContainerItemProxy */;
		};
		EE067829265B3AC500A9E446 /* PBXTargetDependency */ = {
			isa = PBXTargetDependency;
			target = EE067805265B3AC300A9E446 /* Shields */;
			targetProxy = EE067828265B3AC500A9E446 /* PBXContainerItemProxy */;
		};
/* End PBXTargetDependency section */

/* Begin PBXVariantGroup section */
		EE06780F265B3AC300A9E446 /* Main.storyboard */ = {
			isa = PBXVariantGroup;
			children = (
				EE067810265B3AC300A9E446 /* Base */,
			);
			name = Main.storyboard;
			sourceTree = "<group>";
		};
		EE067814265B3AC500A9E446 /* LaunchScreen.storyboard */ = {
			isa = PBXVariantGroup;
			children = (
				EE067815265B3AC500A9E446 /* Base */,
			);
			name = LaunchScreen.storyboard;
			sourceTree = "<group>";
		};
/* End PBXVariantGroup section */

/* Begin XCBuildConfiguration section */
		EE06782E265B3AC500A9E446 /* Debug */ = {
			isa = XCBuildConfiguration;
			buildSettings = {
				ALWAYS_SEARCH_USER_PATHS = NO;
				CLANG_ANALYZER_NONNULL = YES;
				CLANG_ANALYZER_NUMBER_OBJECT_CONVERSION = YES_AGGRESSIVE;
				CLANG_CXX_LANGUAGE_STANDARD = "gnu++14";
				CLANG_CXX_LIBRARY = "libc++";
				CLANG_ENABLE_MODULES = YES;
				CLANG_ENABLE_OBJC_ARC = YES;
				CLANG_ENABLE_OBJC_WEAK = YES;
				CLANG_WARN_BLOCK_CAPTURE_AUTORELEASING = YES;
				CLANG_WARN_BOOL_CONVERSION = YES;
				CLANG_WARN_COMMA = YES;
				CLANG_WARN_CONSTANT_CONVERSION = YES;
				CLANG_WARN_DEPRECATED_OBJC_IMPLEMENTATIONS = YES;
				CLANG_WARN_DIRECT_OBJC_ISA_USAGE = YES_ERROR;
				CLANG_WARN_DOCUMENTATION_COMMENTS = YES;
				CLANG_WARN_EMPTY_BODY = YES;
				CLANG_WARN_ENUM_CONVERSION = YES;
				CLANG_WARN_INFINITE_RECURSION = YES;
				CLANG_WARN_INT_CONVERSION = YES;
				CLANG_WARN_NON_LITERAL_NULL_CONVERSION = YES;
				CLANG_WARN_OBJC_IMPLICIT_RETAIN_SELF = YES;
				CLANG_WARN_OBJC_LITERAL_CONVERSION = YES;
				CLANG_WARN_OBJC_ROOT_CLASS = YES_ERROR;
				CLANG_WARN_QUOTED_INCLUDE_IN_FRAMEWORK_HEADER = YES;
				CLANG_WARN_RANGE_LOOP_ANALYSIS = YES;
				CLANG_WARN_STRICT_PROTOTYPES = YES;
				CLANG_WARN_SUSPICIOUS_MOVE = YES;
				CLANG_WARN_UNGUARDED_AVAILABILITY = YES_AGGRESSIVE;
				CLANG_WARN_UNREACHABLE_CODE = YES;
				CLANG_WARN__DUPLICATE_METHOD_MATCH = YES;
				COPY_PHASE_STRIP = NO;
				DEBUG_INFORMATION_FORMAT = dwarf;
				ENABLE_STRICT_OBJC_MSGSEND = YES;
				ENABLE_TESTABILITY = YES;
				GCC_C_LANGUAGE_STANDARD = gnu11;
				GCC_DYNAMIC_NO_PIC = NO;
				GCC_NO_COMMON_BLOCKS = YES;
				GCC_OPTIMIZATION_LEVEL = 0;
				GCC_PREPROCESSOR_DEFINITIONS = (
					"DEBUG=1",
					"$(inherited)",
				);
				GCC_WARN_64_TO_32_BIT_CONVERSION = YES;
				GCC_WARN_ABOUT_RETURN_TYPE = YES_ERROR;
				GCC_WARN_UNDECLARED_SELECTOR = YES;
				GCC_WARN_UNINITIALIZED_AUTOS = YES_AGGRESSIVE;
				GCC_WARN_UNUSED_FUNCTION = YES;
				GCC_WARN_UNUSED_VARIABLE = YES;
				IPHONEOS_DEPLOYMENT_TARGET = 14.4;
				MTL_ENABLE_DEBUG_INFO = INCLUDE_SOURCE;
				MTL_FAST_MATH = YES;
				ONLY_ACTIVE_ARCH = YES;
				SDKROOT = iphoneos;
				SWIFT_ACTIVE_COMPILATION_CONDITIONS = DEBUG;
				SWIFT_OPTIMIZATION_LEVEL = "-Onone";
			};
			name = Debug;
		};
		EE06782F265B3AC500A9E446 /* Release */ = {
			isa = XCBuildConfiguration;
			buildSettings = {
				ALWAYS_SEARCH_USER_PATHS = NO;
				CLANG_ANALYZER_NONNULL = YES;
				CLANG_ANALYZER_NUMBER_OBJECT_CONVERSION = YES_AGGRESSIVE;
				CLANG_CXX_LANGUAGE_STANDARD = "gnu++14";
				CLANG_CXX_LIBRARY = "libc++";
				CLANG_ENABLE_MODULES = YES;
				CLANG_ENABLE_OBJC_ARC = YES;
				CLANG_ENABLE_OBJC_WEAK = YES;
				CLANG_WARN_BLOCK_CAPTURE_AUTORELEASING = YES;
				CLANG_WARN_BOOL_CONVERSION = YES;
				CLANG_WARN_COMMA = YES;
				CLANG_WARN_CONSTANT_CONVERSION = YES;
				CLANG_WARN_DEPRECATED_OBJC_IMPLEMENTATIONS = YES;
				CLANG_WARN_DIRECT_OBJC_ISA_USAGE = YES_ERROR;
				CLANG_WARN_DOCUMENTATION_COMMENTS = YES;
				CLANG_WARN_EMPTY_BODY = YES;
				CLANG_WARN_ENUM_CONVERSION = YES;
				CLANG_WARN_INFINITE_RECURSION = YES;
				CLANG_WARN_INT_CONVERSION = YES;
				CLANG_WARN_NON_LITERAL_NULL_CONVERSION = YES;
				CLANG_WARN_OBJC_IMPLICIT_RETAIN_SELF = YES;
				CLANG_WARN_OBJC_LITERAL_CONVERSION = YES;
				CLANG_WARN_OBJC_ROOT_CLASS = YES_ERROR;
				CLANG_WARN_QUOTED_INCLUDE_IN_FRAMEWORK_HEADER = YES;
				CLANG_WARN_RANGE_LOOP_ANALYSIS = YES;
				CLANG_WARN_STRICT_PROTOTYPES = YES;
				CLANG_WARN_SUSPICIOUS_MOVE = YES;
				CLANG_WARN_UNGUARDED_AVAILABILITY = YES_AGGRESSIVE;
				CLANG_WARN_UNREACHABLE_CODE = YES;
				CLANG_WARN__DUPLICATE_METHOD_MATCH = YES;
				COPY_PHASE_STRIP = NO;
				DEBUG_INFORMATION_FORMAT = "dwarf-with-dsym";
				ENABLE_NS_ASSERTIONS = NO;
				ENABLE_STRICT_OBJC_MSGSEND = YES;
				GCC_C_LANGUAGE_STANDARD = gnu11;
				GCC_NO_COMMON_BLOCKS = YES;
				GCC_WARN_64_TO_32_BIT_CONVERSION = YES;
				GCC_WARN_ABOUT_RETURN_TYPE = YES_ERROR;
				GCC_WARN_UNDECLARED_SELECTOR = YES;
				GCC_WARN_UNINITIALIZED_AUTOS = YES_AGGRESSIVE;
				GCC_WARN_UNUSED_FUNCTION = YES;
				GCC_WARN_UNUSED_VARIABLE = YES;
				IPHONEOS_DEPLOYMENT_TARGET = 14.4;
				MTL_ENABLE_DEBUG_INFO = NO;
				MTL_FAST_MATH = YES;
				SDKROOT = iphoneos;
				SWIFT_COMPILATION_MODE = wholemodule;
				SWIFT_OPTIMIZATION_LEVEL = "-O";
				VALIDATE_PRODUCT = YES;
			};
			name = Release;
		};
		EE067831265B3AC500A9E446 /* Debug */ = {
			isa = XCBuildConfiguration;
			buildSettings = {
				ASSETCATALOG_COMPILER_APPICON_NAME = AppIcon;
				ASSETCATALOG_COMPILER_GLOBAL_ACCENT_COLOR_NAME = AccentColor;
				CODE_SIGN_STYLE = Automatic;
				DEVELOPMENT_TEAM = Z4ZKC7258G;
				INFOPLIST_FILE = Shields/Info.plist;
				LD_RUNPATH_SEARCH_PATHS = (
					"$(inherited)",
					"@executable_path/Frameworks",
				);
				PRODUCT_BUNDLE_IDENTIFIER = com.CreaterOS.Shields;
				PRODUCT_NAME = "$(TARGET_NAME)";
				SWIFT_VERSION = 5.0;
				TARGETED_DEVICE_FAMILY = "1,2";
			};
			name = Debug;
		};
		EE067832265B3AC500A9E446 /* Release */ = {
			isa = XCBuildConfiguration;
			buildSettings = {
				ASSETCATALOG_COMPILER_APPICON_NAME = AppIcon;
				ASSETCATALOG_COMPILER_GLOBAL_ACCENT_COLOR_NAME = AccentColor;
				CODE_SIGN_STYLE = Automatic;
				DEVELOPMENT_TEAM = Z4ZKC7258G;
				INFOPLIST_FILE = Shields/Info.plist;
				LD_RUNPATH_SEARCH_PATHS = (
					"$(inherited)",
					"@executable_path/Frameworks",
				);
				PRODUCT_BUNDLE_IDENTIFIER = com.CreaterOS.Shields;
				PRODUCT_NAME = "$(TARGET_NAME)";
				SWIFT_VERSION = 5.0;
				TARGETED_DEVICE_FAMILY = "1,2";
			};
			name = Release;
		};
		EE067834265B3AC500A9E446 /* Debug */ = {
			isa = XCBuildConfiguration;
			buildSettings = {
				ALWAYS_EMBED_SWIFT_STANDARD_LIBRARIES = YES;
				BUNDLE_LOADER = "$(TEST_HOST)";
				CODE_SIGN_STYLE = Automatic;
				DEVELOPMENT_TEAM = Z4ZKC7258G;
				INFOPLIST_FILE = ShieldsTests/Info.plist;
				IPHONEOS_DEPLOYMENT_TARGET = 14.4;
				LD_RUNPATH_SEARCH_PATHS = (
					"$(inherited)",
					"@executable_path/Frameworks",
					"@loader_path/Frameworks",
				);
				PRODUCT_BUNDLE_IDENTIFIER = com.CreaterOS.ShieldsTests;
				PRODUCT_NAME = "$(TARGET_NAME)";
				SWIFT_VERSION = 5.0;
				TARGETED_DEVICE_FAMILY = "1,2";
				TEST_HOST = "$(BUILT_PRODUCTS_DIR)/Shields.app/Shields";
			};
			name = Debug;
		};
		EE067835265B3AC500A9E446 /* Release */ = {
			isa = XCBuildConfiguration;
			buildSettings = {
				ALWAYS_EMBED_SWIFT_STANDARD_LIBRARIES = YES;
				BUNDLE_LOADER = "$(TEST_HOST)";
				CODE_SIGN_STYLE = Automatic;
				DEVELOPMENT_TEAM = Z4ZKC7258G;
				INFOPLIST_FILE = ShieldsTests/Info.plist;
				IPHONEOS_DEPLOYMENT_TARGET = 14.4;
				LD_RUNPATH_SEARCH_PATHS = (
					"$(inherited)",
					"@executable_path/Frameworks",
					"@loader_path/Frameworks",
				);
				PRODUCT_BUNDLE_IDENTIFIER = com.CreaterOS.ShieldsTests;
				PRODUCT_NAME = "$(TARGET_NAME)";
				SWIFT_VERSION = 5.0;
				TARGETED_DEVICE_FAMILY = "1,2";
				TEST_HOST = "$(BUILT_PRODUCTS_DIR)/Shields.app/Shields";
			};
			name = Release;
		};
		EE067837265B3AC500A9E446 /* Debug */ = {
			isa = XCBuildConfiguration;
			buildSettings = {
				ALWAYS_EMBED_SWIFT_STANDARD_LIBRARIES = YES;
				CODE_SIGN_STYLE = Automatic;
				DEVELOPMENT_TEAM = Z4ZKC7258G;
				INFOPLIST_FILE = ShieldsUITests/Info.plist;
				LD_RUNPATH_SEARCH_PATHS = (
					"$(inherited)",
					"@executable_path/Frameworks",
					"@loader_path/Frameworks",
				);
				PRODUCT_BUNDLE_IDENTIFIER = com.CreaterOS.ShieldsUITests;
				PRODUCT_NAME = "$(TARGET_NAME)";
				SWIFT_VERSION = 5.0;
				TARGETED_DEVICE_FAMILY = "1,2";
				TEST_TARGET_NAME = Shields;
			};
			name = Debug;
		};
		EE067838265B3AC500A9E446 /* Release */ = {
			isa = XCBuildConfiguration;
			buildSettings = {
				ALWAYS_EMBED_SWIFT_STANDARD_LIBRARIES = YES;
				CODE_SIGN_STYLE = Automatic;
				DEVELOPMENT_TEAM = Z4ZKC7258G;
				INFOPLIST_FILE = ShieldsUITests/Info.plist;
				LD_RUNPATH_SEARCH_PATHS = (
					"$(inherited)",
					"@executable_path/Frameworks",
					"@loader_path/Frameworks",
				);
				PRODUCT_BUNDLE_IDENTIFIER = com.CreaterOS.ShieldsUITests;
				PRODUCT_NAME = "$(TARGET_NAME)";
				SWIFT_VERSION = 5.0;
				TARGETED_DEVICE_FAMILY = "1,2";
				TEST_TARGET_NAME = Shields;
			};
			name = Release;
		};
/* End XCBuildConfiguration section */

/* Begin XCConfigurationList section */
		EE067801265B3AC300A9E446 /* Build configuration list for PBXProject "Shields" */ = {
			isa = XCConfigurationList;
			buildConfigurations = (
				EE06782E265B3AC500A9E446 /* Debug */,
				EE06782F265B3AC500A9E446 /* Release */,
			);
			defaultConfigurationIsVisible = 0;
			defaultConfigurationName = Release;
		};
		EE067830265B3AC500A9E446 /* Build configuration list for PBXNativeTarget "Shields" */ = {
			isa = XCConfigurationList;
			buildConfigurations = (
				EE067831265B3AC500A9E446 /* Debug */,
				EE067832265B3AC500A9E446 /* Release */,
			);
			defaultConfigurationIsVisible = 0;
			defaultConfigurationName = Release;
		};
		EE067833265B3AC500A9E446 /* Build configuration list for PBXNativeTarget "ShieldsTests" */ = {
			isa = XCConfigurationList;
			buildConfigurations = (
				EE067834265B3AC500A9E446 /* Debug */,
				EE067835265B3AC500A9E446 /* Release */,
			);
			defaultConfigurationIsVisible = 0;
			defaultConfigurationName = Release;
		};
		EE067836265B3AC500A9E446 /* Build configuration list for PBXNativeTarget "ShieldsUITests" */ = {
			isa = XCConfigurationList;
			buildConfigurations = (
				EE067837265B3AC500A9E446 /* Debug */,
				EE067838265B3AC500A9E446 /* Release */,
			);
			defaultConfigurationIsVisible = 0;
			defaultConfigurationName = Release;
		};
/* End XCConfigurationList section */
	};
	rootObject = EE0677FE265B3AC300A9E446 /* Project object */;
}
